
Microsoft Visual Studio Solution File, Format Version 12.00
# Visual Studio 15
VisualStudioVersion = 15.0.28010.2050
MinimumVisualStudioVersion = 10.0.40219.1
Project("{9A19103F-16F7-4668-BE54-9A1E7A4F7556}") = "JokeGenerator", "JokeGenerator\JokeGenerator.csproj", "{4E1E1F5E-92F6-4DBB-9875-5B53B9EAF6F6}"
EndProject
Project("{9A19103F-16F7-4668-BE54-9A1E7A4F7556}") = "JokeApiClient", "JokeApiClient\JokeApiClient.csproj", "{48399401-C5E3-4FAB-AE59-1F8F12586CD6}"
EndProject
Project("{9A19103F-16F7-4668-BE54-9A1E7A4F7556}") = "Shared.Http.Client", "Shared.Http.Client\Shared.Http.Client.csproj", "{1B49E4C8-C167-464E-8731-145EC3164549}"
EndProject
Project("{9A19103F-16F7-4668-BE54-9A1E7A4F7556}") = "JokeApiClient.Tests", "JokeApiClient.Tests\JokeApiClient.Tests.csproj", "{C45D815C-DA4A-4E85-94B9-21FDA4A1805A}"
EndProject
Project("{9A19103F-16F7-4668-BE54-9A1E7A4F7556}") = "Builder.Http.Client", "Builder.Http.Client\Builder.Http.Client.csproj", "{4EEFF8E3-A256-4523-A723-2F6BFD1676D9}"
EndProject
Global
	GlobalSection(SolutionConfigurationPlatforms) = preSolution
		Debug|Any CPU = Debug|Any CPU
		Release|Any CPU = Release|Any CPU
	EndGlobalSection
	GlobalSection(ProjectConfigurationPlatforms) = postSolution
		{4E1E1F5E-92F6-4DBB-9875-5B53B9EAF6F6}.Debug|Any CPU.ActiveCfg = Debug|Any CPU
		{4E1E1F5E-92F6-4DBB-9875-5B53B9EAF6F6}.Debug|Any CPU.Build.0 = Debug|Any CPU
		{4E1E1F5E-92F6-4DBB-9875-5B53B9EAF6F6}.Release|Any CPU.ActiveCfg = Release|Any CPU
		{4E1E1F5E-92F6-4DBB-9875-5B53B9EAF6F6}.Release|Any CPU.Build.0 = Release|Any CPU
		{48399401-C5E3-4FAB-AE59-1F8F12586CD6}.Debug|Any CPU.ActiveCfg = Debug|Any CPU
		{48399401-C5E3-4FAB-AE59-1F8F12586CD6}.Debug|Any CPU.Build.0 = Debug|Any CPU
		{48399401-C5E3-4FAB-AE59-1F8F12586CD6}.Release|Any CPU.ActiveCfg = Release|Any CPU
		{48399401-C5E3-4FAB-AE59-1F8F12586CD6}.Release|Any CPU.Build.0 = Release|Any CPU
		{1B49E4C8-C167-464E-8731-145EC3164549}.Debug|Any CPU.ActiveCfg = Debug|Any CPU
		{1B49E4C8-C167-464E-8731-145EC3164549}.Debug|Any CPU.Build.0 = Debug|Any CPU
		{1B49E4C8-C167-464E-8731-145EC3164549}.Release|Any CPU.ActiveCfg = Release|Any CPU
		{1B49E4C8-C167-464E-8731-145EC3164549}.Release|Any CPU.Build.0 = Release|Any CPU
		{C45D815C-DA4A-4E85-94B9-21FDA4A1805A}.Debug|Any CPU.ActiveCfg = Debug|Any CPU
		{C45D815C-DA4A-4E85-94B9-21FDA4A1805A}.Debug|Any CPU.Build.0 = Debug|Any CPU
		{C45D815C-DA4A-4E85-94B9-21FDA4A1805A}.Release|Any CPU.ActiveCfg = Release|Any CPU
		{C45D815C-DA4A-4E85-94B9-21FDA4A1805A}.Release|Any CPU.Build.0 = Release|Any CPU
		{4EEFF8E3-A256-4523-A723-2F6BFD1676D9}.Debug|Any CPU.ActiveCfg = Debug|Any CPU
		{4EEFF8E3-A256-4523-A723-2F6BFD1676D9}.Debug|Any CPU.Build.0 = Debug|Any CPU
		{4EEFF8E3-A256-4523-A723-2F6BFD1676D9}.Release|Any CPU.ActiveCfg = Release|Any CPU
		{4EEFF8E3-A256-4523-A723-2F6BFD1676D9}.Release|Any CPU.Build.0 = Release|Any CPU
	EndGlobalSection
	GlobalSection(SolutionProperties) = preSolution
		HideSolutionNode = FALSE
	EndGlobalSection
	GlobalSection(ExtensibilityGlobals) = postSolution
		SolutionGuid = {CF17FCE6-F577-4E9A-9C82-1BEF64EA47F9}
	EndGlobalSection
EndGlobal
